
Microsoft Visual Studio Solution File, Format Version 11.00
# Visual Studio 2010
Project("{2150E333-8FDC-42A3-9474-1A3956D46DE8}") = "Libs", "Libs", "{16F6E57D-DC28-472F-BB1B-4BE7BD03CB3B}"
EndProject
Project("{8BC9CEB8-8B4A-11D0-8D11-00A0C91BC942}") = "RushEngine", "RushEngine.vcxproj", "{AD47C77F-FBE0-458C-BC07-96B08EDBE7CD}"
EndProject
Project("{8BC9CEB8-8B4A-11D0-8D11-00A0C91BC942}") = "Box2D", "..\Box2D\Box2D.vcxproj", "{B456B67F-A905-4CD0-97DC-EBB6639E26BB}"
EndProject
Project("{8BC9CEB8-8B4A-11D0-8D11-00A0C91BC942}") = "TestGame", "..\TestGame\TestGame.vcxproj", "{5A41F4F6-2535-49B7-B765-6AFAA3EF3F9C}"
	ProjectSection(ProjectDependencies) = postProject
		{B456B67F-A905-4CD0-97DC-EBB6639E26BB} = {B456B67F-A905-4CD0-97DC-EBB6639E26BB}
		{AD47C77F-FBE0-458C-BC07-96B08EDBE7CD} = {AD47C77F-FBE0-458C-BC07-96B08EDBE7CD}
	EndProjectSection
EndProject
Project("{8BC9CEB8-8B4A-11D0-8D11-00A0C91BC942}") = "SpaceRush", "..\SpaceRush\SpaceRush\SpaceRush.vcxproj", "{29EE5F80-28D7-4767-9112-A06F4840CF3B}"
EndProject
Project("{8BC9CEB8-8B4A-11D0-8D11-00A0C91BC942}") = "SDL2main", "..\libs\SDLmain.vcxproj", "{DA956FD3-E142-46F2-9DD5-C78BEBB56B7A}"
EndProject
Project("{8BC9CEB8-8B4A-11D0-8D11-00A0C91BC942}") = "SDL2", "..\libs\SDL.vcxproj", "{81CE8DAF-EBB2-4761-8E45-B71ABCCA8C68}"
EndProject
Global
	GlobalSection(SolutionConfigurationPlatforms) = preSolution
		Debug_static|Any CPU = Debug_static|Any CPU
		Debug_static|Mixed Platforms = Debug_static|Mixed Platforms
		Debug_static|Win32 = Debug_static|Win32
		Debug_static|x64 = Debug_static|x64
		Debug|Any CPU = Debug|Any CPU
		Debug|Mixed Platforms = Debug|Mixed Platforms
		Debug|Win32 = Debug|Win32
		Debug|x64 = Debug|x64
		MinSizeRel|Any CPU = MinSizeRel|Any CPU
		MinSizeRel|Mixed Platforms = MinSizeRel|Mixed Platforms
		MinSizeRel|Win32 = MinSizeRel|Win32
		MinSizeRel|x64 = MinSizeRel|x64
		Release_static|Any CPU = Release_static|Any CPU
		Release_static|Mixed Platforms = Release_static|Mixed Platforms
		Release_static|Win32 = Release_static|Win32
		Release_static|x64 = Release_static|x64
		Release|Any CPU = Release|Any CPU
		Release|Mixed Platforms = Release|Mixed Platforms
		Release|Win32 = Release|Win32
		Release|x64 = Release|x64
		RelWithDebInfo|Any CPU = RelWithDebInfo|Any CPU
		RelWithDebInfo|Mixed Platforms = RelWithDebInfo|Mixed Platforms
		RelWithDebInfo|Win32 = RelWithDebInfo|Win32
		RelWithDebInfo|x64 = RelWithDebInfo|x64
	EndGlobalSection
	GlobalSection(ProjectConfigurationPlatforms) = postSolution
		{AD47C77F-FBE0-458C-BC07-96B08EDBE7CD}.Debug_static|Any CPU.ActiveCfg = Debug|Win32
		{AD47C77F-FBE0-458C-BC07-96B08EDBE7CD}.Debug_static|Mixed Platforms.ActiveCfg = Debug|Win32
		{AD47C77F-FBE0-458C-BC07-96B08EDBE7CD}.Debug_static|Mixed Platforms.Build.0 = Debug|Win32
		{AD47C77F-FBE0-458C-BC07-96B08EDBE7CD}.Debug_static|Win32.ActiveCfg = Debug|Win32
		{AD47C77F-FBE0-458C-BC07-96B08EDBE7CD}.Debug_static|Win32.Build.0 = Debug|Win32
		{AD47C77F-FBE0-458C-BC07-96B08EDBE7CD}.Debug_static|x64.ActiveCfg = Debug|Win32
		{AD47C77F-FBE0-458C-BC07-96B08EDBE7CD}.Debug|Any CPU.ActiveCfg = Debug|Win32
		{AD47C77F-FBE0-458C-BC07-96B08EDBE7CD}.Debug|Mixed Platforms.ActiveCfg = Debug|Win32
		{AD47C77F-FBE0-458C-BC07-96B08EDBE7CD}.Debug|Mixed Platforms.Build.0 = Debug|Win32
		{AD47C77F-FBE0-458C-BC07-96B08EDBE7CD}.Debug|Win32.ActiveCfg = Debug|Win32
		{AD47C77F-FBE0-458C-BC07-96B08EDBE7CD}.Debug|Win32.Build.0 = Debug|Win32
		{AD47C77F-FBE0-458C-BC07-96B08EDBE7CD}.Debug|x64.ActiveCfg = Debug|Win32
		{AD47C77F-FBE0-458C-BC07-96B08EDBE7CD}.MinSizeRel|Any CPU.ActiveCfg = Release|Win32
		{AD47C77F-FBE0-458C-BC07-96B08EDBE7CD}.MinSizeRel|Mixed Platforms.ActiveCfg = Release|Win32
		{AD47C77F-FBE0-458C-BC07-96B08EDBE7CD}.MinSizeRel|Mixed Platforms.Build.0 = Release|Win32
		{AD47C77F-FBE0-458C-BC07-96B08EDBE7CD}.MinSizeRel|Win32.ActiveCfg = Release|Win32
		{AD47C77F-FBE0-458C-BC07-96B08EDBE7CD}.MinSizeRel|Win32.Build.0 = Release|Win32
		{AD47C77F-FBE0-458C-BC07-96B08EDBE7CD}.MinSizeRel|x64.ActiveCfg = Release|Win32
		{AD47C77F-FBE0-458C-BC07-96B08EDBE7CD}.Release_static|Any CPU.ActiveCfg = Release|Win32
		{AD47C77F-FBE0-458C-BC07-96B08EDBE7CD}.Release_static|Mixed Platforms.ActiveCfg = Release|Win32
		{AD47C77F-FBE0-458C-BC07-96B08EDBE7CD}.Release_static|Mixed Platforms.Build.0 = Release|Win32
		{AD47C77F-FBE0-458C-BC07-96B08EDBE7CD}.Release_static|Win32.ActiveCfg = Release|Win32
		{AD47C77F-FBE0-458C-BC07-96B08EDBE7CD}.Release_static|Win32.Build.0 = Release|Win32
		{AD47C77F-FBE0-458C-BC07-96B08EDBE7CD}.Release_static|x64.ActiveCfg = Release|Win32
		{AD47C77F-FBE0-458C-BC07-96B08EDBE7CD}.Release|Any CPU.ActiveCfg = Release|Win32
		{AD47C77F-FBE0-458C-BC07-96B08EDBE7CD}.Release|Mixed Platforms.ActiveCfg = Release|Win32
		{AD47C77F-FBE0-458C-BC07-96B08EDBE7CD}.Release|Mixed Platforms.Build.0 = Release|Win32
		{AD47C77F-FBE0-458C-BC07-96B08EDBE7CD}.Release|Win32.ActiveCfg = Release|Win32
		{AD47C77F-FBE0-458C-BC07-96B08EDBE7CD}.Release|Win32.Build.0 = Release|Win32
		{AD47C77F-FBE0-458C-BC07-96B08EDBE7CD}.Release|x64.ActiveCfg = Release|Win32
		{AD47C77F-FBE0-458C-BC07-96B08EDBE7CD}.RelWithDebInfo|Any CPU.ActiveCfg = Release|Win32
		{AD47C77F-FBE0-458C-BC07-96B08EDBE7CD}.RelWithDebInfo|Mixed Platforms.ActiveCfg = Release|Win32
		{AD47C77F-FBE0-458C-BC07-96B08EDBE7CD}.RelWithDebInfo|Mixed Platforms.Build.0 = Release|Win32
		{AD47C77F-FBE0-458C-BC07-96B08EDBE7CD}.RelWithDebInfo|Win32.ActiveCfg = Release|Win32
		{AD47C77F-FBE0-458C-BC07-96B08EDBE7CD}.RelWithDebInfo|Win32.Build.0 = Release|Win32
		{AD47C77F-FBE0-458C-BC07-96B08EDBE7CD}.RelWithDebInfo|x64.ActiveCfg = Release|Win32
		{B456B67F-A905-4CD0-97DC-EBB6639E26BB}.Debug_static|Any CPU.ActiveCfg = Debug|Win32
		{B456B67F-A905-4CD0-97DC-EBB6639E26BB}.Debug_static|Mixed Platforms.ActiveCfg = Debug|Win32
		{B456B67F-A905-4CD0-97DC-EBB6639E26BB}.Debug_static|Mixed Platforms.Build.0 = Debug|Win32
		{B456B67F-A905-4CD0-97DC-EBB6639E26BB}.Debug_static|Win32.ActiveCfg = Debug|Win32
		{B456B67F-A905-4CD0-97DC-EBB6639E26BB}.Debug_static|Win32.Build.0 = Debug|Win32
		{B456B67F-A905-4CD0-97DC-EBB6639E26BB}.Debug_static|x64.ActiveCfg = Debug|Win32
		{B456B67F-A905-4CD0-97DC-EBB6639E26BB}.Debug|Any CPU.ActiveCfg = Debug|Win32
		{B456B67F-A905-4CD0-97DC-EBB6639E26BB}.Debug|Mixed Platforms.ActiveCfg = Debug|Win32
		{B456B67F-A905-4CD0-97DC-EBB6639E26BB}.Debug|Mixed Platforms.Build.0 = Debug|Win32
		{B456B67F-A905-4CD0-97DC-EBB6639E26BB}.Debug|Win32.ActiveCfg = Debug|Win32
		{B456B67F-A905-4CD0-97DC-EBB6639E26BB}.Debug|Win32.Build.0 = Debug|Win32
		{B456B67F-A905-4CD0-97DC-EBB6639E26BB}.Debug|x64.ActiveCfg = Debug|Win32
		{B456B67F-A905-4CD0-97DC-EBB6639E26BB}.MinSizeRel|Any CPU.ActiveCfg = MinSizeRel|Win32
		{B456B67F-A905-4CD0-97DC-EBB6639E26BB}.MinSizeRel|Mixed Platforms.ActiveCfg = MinSizeRel|Win32
		{B456B67F-A905-4CD0-97DC-EBB6639E26BB}.MinSizeRel|Mixed Platforms.Build.0 = MinSizeRel|Win32
		{B456B67F-A905-4CD0-97DC-EBB6639E26BB}.MinSizeRel|Win32.ActiveCfg = MinSizeRel|Win32
		{B456B67F-A905-4CD0-97DC-EBB6639E26BB}.MinSizeRel|Win32.Build.0 = MinSizeRel|Win32
		{B456B67F-A905-4CD0-97DC-EBB6639E26BB}.MinSizeRel|x64.ActiveCfg = MinSizeRel|Win32
		{B456B67F-A905-4CD0-97DC-EBB6639E26BB}.Release_static|Any CPU.ActiveCfg = Release|Win32
		{B456B67F-A905-4CD0-97DC-EBB6639E26BB}.Release_static|Mixed Platforms.ActiveCfg = Release|Win32
		{B456B67F-A905-4CD0-97DC-EBB6639E26BB}.Release_static|Mixed Platforms.Build.0 = Release|Win32
		{B456B67F-A905-4CD0-97DC-EBB6639E26BB}.Release_static|Win32.ActiveCfg = Release|Win32
		{B456B67F-A905-4CD0-97DC-EBB6639E26BB}.Release_static|Win32.Build.0 = Release|Win32
		{B456B67F-A905-4CD0-97DC-EBB6639E26BB}.Release_static|x64.ActiveCfg = Release|Win32
		{B456B67F-A905-4CD0-97DC-EBB6639E26BB}.Release|Any CPU.ActiveCfg = Release|Win32
		{B456B67F-A905-4CD0-97DC-EBB6639E26BB}.Release|Mixed Platforms.ActiveCfg = Release|Win32
		{B456B67F-A905-4CD0-97DC-EBB6639E26BB}.Release|Mixed Platforms.Build.0 = Release|Win32
		{B456B67F-A905-4CD0-97DC-EBB6639E26BB}.Release|Win32.ActiveCfg = Release|Win32
		{B456B67F-A905-4CD0-97DC-EBB6639E26BB}.Release|Win32.Build.0 = Release|Win32
		{B456B67F-A905-4CD0-97DC-EBB6639E26BB}.Release|x64.ActiveCfg = Release|Win32
		{B456B67F-A905-4CD0-97DC-EBB6639E26BB}.RelWithDebInfo|Any CPU.ActiveCfg = RelWithDebInfo|Win32
		{B456B67F-A905-4CD0-97DC-EBB6639E26BB}.RelWithDebInfo|Mixed Platforms.ActiveCfg = RelWithDebInfo|Win32
		{B456B67F-A905-4CD0-97DC-EBB6639E26BB}.RelWithDebInfo|Mixed Platforms.Build.0 = RelWithDebInfo|Win32
		{B456B67F-A905-4CD0-97DC-EBB6639E26BB}.RelWithDebInfo|Win32.ActiveCfg = RelWithDebInfo|Win32
		{B456B67F-A905-4CD0-97DC-EBB6639E26BB}.RelWithDebInfo|Win32.Build.0 = RelWithDebInfo|Win32
		{B456B67F-A905-4CD0-97DC-EBB6639E26BB}.RelWithDebInfo|x64.ActiveCfg = RelWithDebInfo|Win32
		{5A41F4F6-2535-49B7-B765-6AFAA3EF3F9C}.Debug_static|Any CPU.ActiveCfg = Debug|Win32
		{5A41F4F6-2535-49B7-B765-6AFAA3EF3F9C}.Debug_static|Mixed Platforms.ActiveCfg = Debug|Win32
		{5A41F4F6-2535-49B7-B765-6AFAA3EF3F9C}.Debug_static|Mixed Platforms.Build.0 = Debug|Win32
		{5A41F4F6-2535-49B7-B765-6AFAA3EF3F9C}.Debug_static|Win32.ActiveCfg = Debug|Win32
		{5A41F4F6-2535-49B7-B765-6AFAA3EF3F9C}.Debug_static|Win32.Build.0 = Debug|Win32
		{5A41F4F6-2535-49B7-B765-6AFAA3EF3F9C}.Debug_static|x64.ActiveCfg = Debug|Win32
		{5A41F4F6-2535-49B7-B765-6AFAA3EF3F9C}.Debug|Any CPU.ActiveCfg = Debug|Win32
		{5A41F4F6-2535-49B7-B765-6AFAA3EF3F9C}.Debug|Mixed Platforms.ActiveCfg = Debug|Win32
		{5A41F4F6-2535-49B7-B765-6AFAA3EF3F9C}.Debug|Mixed Platforms.Build.0 = Debug|Win32
		{5A41F4F6-2535-49B7-B765-6AFAA3EF3F9C}.Debug|Win32.ActiveCfg = Debug|Win32
		{5A41F4F6-2535-49B7-B765-6AFAA3EF3F9C}.Debug|Win32.Build.0 = Debug|Win32
		{5A41F4F6-2535-49B7-B765-6AFAA3EF3F9C}.Debug|x64.ActiveCfg = Debug|Win32
		{5A41F4F6-2535-49B7-B765-6AFAA3EF3F9C}.MinSizeRel|Any CPU.ActiveCfg = Release|Win32
		{5A41F4F6-2535-49B7-B765-6AFAA3EF3F9C}.MinSizeRel|Mixed Platforms.ActiveCfg = Release|Win32
		{5A41F4F6-2535-49B7-B765-6AFAA3EF3F9C}.MinSizeRel|Mixed Platforms.Build.0 = Release|Win32
		{5A41F4F6-2535-49B7-B765-6AFAA3EF3F9C}.MinSizeRel|Win32.ActiveCfg = Release|Win32
		{5A41F4F6-2535-49B7-B765-6AFAA3EF3F9C}.MinSizeRel|Win32.Build.0 = Release|Win32
		{5A41F4F6-2535-49B7-B765-6AFAA3EF3F9C}.MinSizeRel|x64.ActiveCfg = Release|Win32
		{5A41F4F6-2535-49B7-B765-6AFAA3EF3F9C}.Release_static|Any CPU.ActiveCfg = Release|Win32
		{5A41F4F6-2535-49B7-B765-6AFAA3EF3F9C}.Release_static|Mixed Platforms.ActiveCfg = Release|Win32
		{5A41F4F6-2535-49B7-B765-6AFAA3EF3F9C}.Release_static|Mixed Platforms.Build.0 = Release|Win32
		{5A41F4F6-2535-49B7-B765-6AFAA3EF3F9C}.Release_static|Win32.ActiveCfg = Release|Win32
		{5A41F4F6-2535-49B7-B765-6AFAA3EF3F9C}.Release_static|Win32.Build.0 = Release|Win32
		{5A41F4F6-2535-49B7-B765-6AFAA3EF3F9C}.Release_static|x64.ActiveCfg = Release|Win32
		{5A41F4F6-2535-49B7-B765-6AFAA3EF3F9C}.Release|Any CPU.ActiveCfg = Release|Win32
		{5A41F4F6-2535-49B7-B765-6AFAA3EF3F9C}.Release|Mixed Platforms.ActiveCfg = Release|Win32
		{5A41F4F6-2535-49B7-B765-6AFAA3EF3F9C}.Release|Mixed Platforms.Build.0 = Release|Win32
		{5A41F4F6-2535-49B7-B765-6AFAA3EF3F9C}.Release|Win32.ActiveCfg = Release|Win32
		{5A41F4F6-2535-49B7-B765-6AFAA3EF3F9C}.Release|Win32.Build.0 = Release|Win32
		{5A41F4F6-2535-49B7-B765-6AFAA3EF3F9C}.Release|x64.ActiveCfg = Release|Win32
		{5A41F4F6-2535-49B7-B765-6AFAA3EF3F9C}.RelWithDebInfo|Any CPU.ActiveCfg = Release|Win32
		{5A41F4F6-2535-49B7-B765-6AFAA3EF3F9C}.RelWithDebInfo|Mixed Platforms.ActiveCfg = Release|Win32
		{5A41F4F6-2535-49B7-B765-6AFAA3EF3F9C}.RelWithDebInfo|Mixed Platforms.Build.0 = Release|Win32
		{5A41F4F6-2535-49B7-B765-6AFAA3EF3F9C}.RelWithDebInfo|Win32.ActiveCfg = Release|Win32
		{5A41F4F6-2535-49B7-B765-6AFAA3EF3F9C}.RelWithDebInfo|Win32.Build.0 = Release|Win32
		{5A41F4F6-2535-49B7-B765-6AFAA3EF3F9C}.RelWithDebInfo|x64.ActiveCfg = Release|Win32
		{29EE5F80-28D7-4767-9112-A06F4840CF3B}.Debug_static|Any CPU.ActiveCfg = Debug|Win32
		{29EE5F80-28D7-4767-9112-A06F4840CF3B}.Debug_static|Mixed Platforms.ActiveCfg = Debug|Win32
		{29EE5F80-28D7-4767-9112-A06F4840CF3B}.Debug_static|Mixed Platforms.Build.0 = Debug|Win32
		{29EE5F80-28D7-4767-9112-A06F4840CF3B}.Debug_static|Win32.ActiveCfg = Debug|Win32
		{29EE5F80-28D7-4767-9112-A06F4840CF3B}.Debug_static|Win32.Build.0 = Debug|Win32
		{29EE5F80-28D7-4767-9112-A06F4840CF3B}.Debug_static|x64.ActiveCfg = Debug|Win32
		{29EE5F80-28D7-4767-9112-A06F4840CF3B}.Debug|Any CPU.ActiveCfg = Debug|Win32
		{29EE5F80-28D7-4767-9112-A06F4840CF3B}.Debug|Mixed Platforms.ActiveCfg = Debug|Win32
		{29EE5F80-28D7-4767-9112-A06F4840CF3B}.Debug|Mixed Platforms.Build.0 = Debug|Win32
		{29EE5F80-28D7-4767-9112-A06F4840CF3B}.Debug|Win32.ActiveCfg = Debug|Win32
		{29EE5F80-28D7-4767-9112-A06F4840CF3B}.Debug|Win32.Build.0 = Debug|Win32
		{29EE5F80-28D7-4767-9112-A06F4840CF3B}.Debug|x64.ActiveCfg = Debug|Win32
		{29EE5F80-28D7-4767-9112-A06F4840CF3B}.MinSizeRel|Any CPU.ActiveCfg = Release|Win32
		{29EE5F80-28D7-4767-9112-A06F4840CF3B}.MinSizeRel|Mixed Platforms.ActiveCfg = Release|Win32
		{29EE5F80-28D7-4767-9112-A06F4840CF3B}.MinSizeRel|Mixed Platforms.Build.0 = Release|Win32
		{29EE5F80-28D7-4767-9112-A06F4840CF3B}.MinSizeRel|Win32.ActiveCfg = Release|Win32
		{29EE5F80-28D7-4767-9112-A06F4840CF3B}.MinSizeRel|Win32.Build.0 = Release|Win32
		{29EE5F80-28D7-4767-9112-A06F4840CF3B}.MinSizeRel|x64.ActiveCfg = Release|Win32
		{29EE5F80-28D7-4767-9112-A06F4840CF3B}.Release_static|Any CPU.ActiveCfg = Release|Win32
		{29EE5F80-28D7-4767-9112-A06F4840CF3B}.Release_static|Mixed Platforms.ActiveCfg = Release|Win32
		{29EE5F80-28D7-4767-9112-A06F4840CF3B}.Release_static|Mixed Platforms.Build.0 = Release|Win32
		{29EE5F80-28D7-4767-9112-A06F4840CF3B}.Release_static|Win32.ActiveCfg = Release|Win32
		{29EE5F80-28D7-4767-9112-A06F4840CF3B}.Release_static|Win32.Build.0 = Release|Win32
		{29EE5F80-28D7-4767-9112-A06F4840CF3B}.Release_static|x64.ActiveCfg = Release|Win32
		{29EE5F80-28D7-4767-9112-A06F4840CF3B}.Release|Any CPU.ActiveCfg = Release|Win32
		{29EE5F80-28D7-4767-9112-A06F4840CF3B}.Release|Mixed Platforms.ActiveCfg = Release|Win32
		{29EE5F80-28D7-4767-9112-A06F4840CF3B}.Release|Mixed Platforms.Build.0 = Release|Win32
		{29EE5F80-28D7-4767-9112-A06F4840CF3B}.Release|Win32.ActiveCfg = Release|Win32
		{29EE5F80-28D7-4767-9112-A06F4840CF3B}.Release|Win32.Build.0 = Release|Win32
		{29EE5F80-28D7-4767-9112-A06F4840CF3B}.Release|x64.ActiveCfg = Release|Win32
		{29EE5F80-28D7-4767-9112-A06F4840CF3B}.RelWithDebInfo|Any CPU.ActiveCfg = Release|Win32
		{29EE5F80-28D7-4767-9112-A06F4840CF3B}.RelWithDebInfo|Mixed Platforms.ActiveCfg = Release|Win32
		{29EE5F80-28D7-4767-9112-A06F4840CF3B}.RelWithDebInfo|Mixed Platforms.Build.0 = Release|Win32
		{29EE5F80-28D7-4767-9112-A06F4840CF3B}.RelWithDebInfo|Win32.ActiveCfg = Release|Win32
		{29EE5F80-28D7-4767-9112-A06F4840CF3B}.RelWithDebInfo|Win32.Build.0 = Release|Win32
		{29EE5F80-28D7-4767-9112-A06F4840CF3B}.RelWithDebInfo|x64.ActiveCfg = Release|Win32
		{DA956FD3-E142-46F2-9DD5-C78BEBB56B7A}.Debug_static|Any CPU.ActiveCfg = Debug|x64
		{DA956FD3-E142-46F2-9DD5-C78BEBB56B7A}.Debug_static|Mixed Platforms.ActiveCfg = Debug|x64
		{DA956FD3-E142-46F2-9DD5-C78BEBB56B7A}.Debug_static|Mixed Platforms.Build.0 = Debug|x64
		{DA956FD3-E142-46F2-9DD5-C78BEBB56B7A}.Debug_static|Win32.ActiveCfg = Debug|x64
		{DA956FD3-E142-46F2-9DD5-C78BEBB56B7A}.Debug_static|x64.ActiveCfg = Debug|x64
		{DA956FD3-E142-46F2-9DD5-C78BEBB56B7A}.Debug_static|x64.Build.0 = Debug|x64
		{DA956FD3-E142-46F2-9DD5-C78BEBB56B7A}.Debug|Any CPU.ActiveCfg = Debug|x64
		{DA956FD3-E142-46F2-9DD5-C78BEBB56B7A}.Debug|Mixed Platforms.ActiveCfg = Debug|x64
		{DA956FD3-E142-46F2-9DD5-C78BEBB56B7A}.Debug|Mixed Platforms.Build.0 = Debug|x64
		{DA956FD3-E142-46F2-9DD5-C78BEBB56B7A}.Debug|Win32.ActiveCfg = Debug|Win32
		{DA956FD3-E142-46F2-9DD5-C78BEBB56B7A}.Debug|Win32.Build.0 = Debug|Win32
		{DA956FD3-E142-46F2-9DD5-C78BEBB56B7A}.Debug|x64.ActiveCfg = Debug|x64
		{DA956FD3-E142-46F2-9DD5-C78BEBB56B7A}.Debug|x64.Build.0 = Debug|x64
		{DA956FD3-E142-46F2-9DD5-C78BEBB56B7A}.MinSizeRel|Any CPU.ActiveCfg = Release|x64
		{DA956FD3-E142-46F2-9DD5-C78BEBB56B7A}.MinSizeRel|Mixed Platforms.ActiveCfg = Release|x64
		{DA956FD3-E142-46F2-9DD5-C78BEBB56B7A}.MinSizeRel|Mixed Platforms.Build.0 = Release|x64
		{DA956FD3-E142-46F2-9DD5-C78BEBB56B7A}.MinSizeRel|Win32.ActiveCfg = Release|x64
		{DA956FD3-E142-46F2-9DD5-C78BEBB56B7A}.MinSizeRel|x64.ActiveCfg = Release|x64
		{DA956FD3-E142-46F2-9DD5-C78BEBB56B7A}.MinSizeRel|x64.Build.0 = Release|x64
		{DA956FD3-E142-46F2-9DD5-C78BEBB56B7A}.Release_static|Any CPU.ActiveCfg = Release|x64
		{DA956FD3-E142-46F2-9DD5-C78BEBB56B7A}.Release_static|Mixed Platforms.ActiveCfg = Release|x64
		{DA956FD3-E142-46F2-9DD5-C78BEBB56B7A}.Release_static|Mixed Platforms.Build.0 = Release|x64
		{DA956FD3-E142-46F2-9DD5-C78BEBB56B7A}.Release_static|Win32.ActiveCfg = Release|x64
		{DA956FD3-E142-46F2-9DD5-C78BEBB56B7A}.Release_static|x64.ActiveCfg = Release|x64
		{DA956FD3-E142-46F2-9DD5-C78BEBB56B7A}.Release_static|x64.Build.0 = Release|x64
		{DA956FD3-E142-46F2-9DD5-C78BEBB56B7A}.Release|Any CPU.ActiveCfg = Release|x64
		{DA956FD3-E142-46F2-9DD5-C78BEBB56B7A}.Release|Mixed Platforms.ActiveCfg = Release|x64
		{DA956FD3-E142-46F2-9DD5-C78BEBB56B7A}.Release|Mixed Platforms.Build.0 = Release|x64
		{DA956FD3-E142-46F2-9DD5-C78BEBB56B7A}.Release|Win32.ActiveCfg = Release|Win32
		{DA956FD3-E142-46F2-9DD5-C78BEBB56B7A}.Release|Win32.Build.0 = Release|Win32
		{DA956FD3-E142-46F2-9DD5-C78BEBB56B7A}.Release|x64.ActiveCfg = Release|x64
		{DA956FD3-E142-46F2-9DD5-C78BEBB56B7A}.Release|x64.Build.0 = Release|x64
		{DA956FD3-E142-46F2-9DD5-C78BEBB56B7A}.RelWithDebInfo|Any CPU.ActiveCfg = Release|x64
		{DA956FD3-E142-46F2-9DD5-C78BEBB56B7A}.RelWithDebInfo|Mixed Platforms.ActiveCfg = Release|x64
		{DA956FD3-E142-46F2-9DD5-C78BEBB56B7A}.RelWithDebInfo|Mixed Platforms.Build.0 = Release|x64
		{DA956FD3-E142-46F2-9DD5-C78BEBB56B7A}.RelWithDebInfo|Win32.ActiveCfg = Release|x64
		{DA956FD3-E142-46F2-9DD5-C78BEBB56B7A}.RelWithDebInfo|x64.ActiveCfg = Release|x64
		{DA956FD3-E142-46F2-9DD5-C78BEBB56B7A}.RelWithDebInfo|x64.Build.0 = Release|x64
		{81CE8DAF-EBB2-4761-8E45-B71ABCCA8C68}.Debug_static|Any CPU.ActiveCfg = Debug_static|x64
		{81CE8DAF-EBB2-4761-8E45-B71ABCCA8C68}.Debug_static|Mixed Platforms.ActiveCfg = Debug_static|x64
		{81CE8DAF-EBB2-4761-8E45-B71ABCCA8C68}.Debug_static|Mixed Platforms.Build.0 = Debug_static|x64
		{81CE8DAF-EBB2-4761-8E45-B71ABCCA8C68}.Debug_static|Win32.ActiveCfg = Debug_static|Win32
		{81CE8DAF-EBB2-4761-8E45-B71ABCCA8C68}.Debug_static|Win32.Build.0 = Debug_static|Win32
		{81CE8DAF-EBB2-4761-8E45-B71ABCCA8C68}.Debug_static|x64.ActiveCfg = Debug_static|x64
		{81CE8DAF-EBB2-4761-8E45-B71ABCCA8C68}.Debug_static|x64.Build.0 = Debug_static|x64
		{81CE8DAF-EBB2-4761-8E45-B71ABCCA8C68}.Debug|Any CPU.ActiveCfg = Debug|x64
		{81CE8DAF-EBB2-4761-8E45-B71ABCCA8C68}.Debug|Mixed Platforms.ActiveCfg = Debug|x64
		{81CE8DAF-EBB2-4761-8E45-B71ABCCA8C68}.Debug|Mixed Platforms.Build.0 = Debug|x64
		{81CE8DAF-EBB2-4761-8E45-B71ABCCA8C68}.Debug|Win32.ActiveCfg = Debug|Win32
		{81CE8DAF-EBB2-4761-8E45-B71ABCCA8C68}.Debug|Win32.Build.0 = Debug|Win32
		{81CE8DAF-EBB2-4761-8E45-B71ABCCA8C68}.Debug|x64.ActiveCfg = Debug|x64
		{81CE8DAF-EBB2-4761-8E45-B71ABCCA8C68}.Debug|x64.Build.0 = Debug|x64
		{81CE8DAF-EBB2-4761-8E45-B71ABCCA8C68}.MinSizeRel|Any CPU.ActiveCfg = Release|x64
		{81CE8DAF-EBB2-4761-8E45-B71ABCCA8C68}.MinSizeRel|Mixed Platforms.ActiveCfg = Release|x64
		{81CE8DAF-EBB2-4761-8E45-B71ABCCA8C68}.MinSizeRel|Mixed Platforms.Build.0 = Release|x64
		{81CE8DAF-EBB2-4761-8E45-B71ABCCA8C68}.MinSizeRel|Win32.ActiveCfg = Release|x64
		{81CE8DAF-EBB2-4761-8E45-B71ABCCA8C68}.MinSizeRel|x64.ActiveCfg = Release|x64
		{81CE8DAF-EBB2-4761-8E45-B71ABCCA8C68}.MinSizeRel|x64.Build.0 = Release|x64
		{81CE8DAF-EBB2-4761-8E45-B71ABCCA8C68}.Release_static|Any CPU.ActiveCfg = Release_static|x64
		{81CE8DAF-EBB2-4761-8E45-B71ABCCA8C68}.Release_static|Mixed Platforms.ActiveCfg = Release_static|x64
		{81CE8DAF-EBB2-4761-8E45-B71ABCCA8C68}.Release_static|Mixed Platforms.Build.0 = Release_static|x64
		{81CE8DAF-EBB2-4761-8E45-B71ABCCA8C68}.Release_static|Win32.ActiveCfg = Release_static|Win32
		{81CE8DAF-EBB2-4761-8E45-B71ABCCA8C68}.Release_static|Win32.Build.0 = Release_static|Win32
		{81CE8DAF-EBB2-4761-8E45-B71ABCCA8C68}.Release_static|x64.ActiveCfg = Release_static|x64
		{81CE8DAF-EBB2-4761-8E45-B71ABCCA8C68}.Release_static|x64.Build.0 = Release_static|x64
		{81CE8DAF-EBB2-4761-8E45-B71ABCCA8C68}.Release|Any CPU.ActiveCfg = Release|x64
		{81CE8DAF-EBB2-4761-8E45-B71ABCCA8C68}.Release|Mixed Platforms.ActiveCfg = Release|x64
		{81CE8DAF-EBB2-4761-8E45-B71ABCCA8C68}.Release|Mixed Platforms.Build.0 = Release|x64
		{81CE8DAF-EBB2-4761-8E45-B71ABCCA8C68}.Release|Win32.ActiveCfg = Release|Win32
		{81CE8DAF-EBB2-4761-8E45-B71ABCCA8C68}.Release|Win32.Build.0 = Release|Win32
		{81CE8DAF-EBB2-4761-8E45-B71ABCCA8C68}.Release|x64.ActiveCfg = Release|x64
		{81CE8DAF-EBB2-4761-8E45-B71ABCCA8C68}.Release|x64.Build.0 = Release|x64
		{81CE8DAF-EBB2-4761-8E45-B71ABCCA8C68}.RelWithDebInfo|Any CPU.ActiveCfg = Release|x64
		{81CE8DAF-EBB2-4761-8E45-B71ABCCA8C68}.RelWithDebInfo|Mixed Platforms.ActiveCfg = Release|x64
		{81CE8DAF-EBB2-4761-8E45-B71ABCCA8C68}.RelWithDebInfo|Mixed Platforms.Build.0 = Release|x64
		{81CE8DAF-EBB2-4761-8E45-B71ABCCA8C68}.RelWithDebInfo|Win32.ActiveCfg = Release|x64
		{81CE8DAF-EBB2-4761-8E45-B71ABCCA8C68}.RelWithDebInfo|x64.ActiveCfg = Release|x64
		{81CE8DAF-EBB2-4761-8E45-B71ABCCA8C68}.RelWithDebInfo|x64.Build.0 = Release|x64
	EndGlobalSection
	GlobalSection(SolutionProperties) = preSolution
		HideSolutionNode = FALSE
	EndGlobalSection
	GlobalSection(NestedProjects) = preSolution
		{B456B67F-A905-4CD0-97DC-EBB6639E26BB} = {16F6E57D-DC28-472F-BB1B-4BE7BD03CB3B}
		{DA956FD3-E142-46F2-9DD5-C78BEBB56B7A} = {16F6E57D-DC28-472F-BB1B-4BE7BD03CB3B}
		{81CE8DAF-EBB2-4761-8E45-B71ABCCA8C68} = {16F6E57D-DC28-472F-BB1B-4BE7BD03CB3B}
	EndGlobalSection
EndGlobal
