<?xml version="1.0" encoding="utf-8"?>
<Project ToolsVersion="4.0" xmlns="http://schemas.microsoft.com/developer/msbuild/2003">
  <ItemGroup>
    <Filter Include="Resource Files">
      <UniqueIdentifier>{67DA6AB6-F800-4c08-8B7A-83BB121AAD01}</UniqueIdentifier>
      <Extensions>rc;ico;cur;bmp;dlg;rc2;rct;bin;rgs;gif;jpg;jpeg;jpe;resx;tiff;tif;png;wav;mfcribbon-ms</Extensions>
    </Filter>
    <Filter Include="Source Files">
      <UniqueIdentifier>{93995380-89BD-4b04-88EB-625FBE52EBFB}</UniqueIdentifier>
      <Extensions>h;hh;hpp;hxx;hm;inl;inc;xsd</Extensions>
    </Filter>
    <Filter Include="Source Files\Graphics">
      <UniqueIdentifier>{6218c169-2dfc-4025-8948-470d71577c0b}</UniqueIdentifier>
    </Filter>
    <Filter Include="Source Files\Eventing">
      <UniqueIdentifier>{5960fdc2-4894-46e8-9edf-3b19a1d3555d}</UniqueIdentifier>
    </Filter>
    <Filter Include="Source Files\Objects">
      <UniqueIdentifier>{bf3d8041-50fd-439c-9eaf-02c3127369db}</UniqueIdentifier>
    </Filter>
    <Filter Include="Source Files\Physics">
      <UniqueIdentifier>{5cba256c-3ddd-450c-96c4-b585d9bfd019}</UniqueIdentifier>
    </Filter>
    <Filter Include="Source Files\AdvFeatures">
      <UniqueIdentifier>{0e00946c-261f-4e3a-bfba-193464f11120}</UniqueIdentifier>
    </Filter>
  </ItemGroup>
  <ItemGroup>
    <ClCompile Include="Graphics\Components.cpp">
      <Filter>Source Files\Graphics</Filter>
    </ClCompile>
    <ClCompile Include="Graphics\DrawGL.cpp">
      <Filter>Source Files\Graphics</Filter>
    </ClCompile>
    <ClCompile Include="Graphics\GLManager.cpp">
      <Filter>Source Files\Graphics</Filter>
    </ClCompile>
    <ClCompile Include="Graphics\GraphicsManager.cpp">
      <Filter>Source Files\Graphics</Filter>
    </ClCompile>
    <ClCompile Include="Graphics\TextManager.cpp">
      <Filter>Source Files\Graphics</Filter>
    </ClCompile>
  </ItemGroup>
  <ItemGroup>
    <ClInclude Include="GameEngineRAW.h">
      <Filter>Source Files</Filter>
    </ClInclude>
    <ClInclude Include="GameEngine.h">
      <Filter>Source Files</Filter>
    </ClInclude>
    <ClInclude Include="Graphics\Components.h">
      <Filter>Source Files\Graphics</Filter>
    </ClInclude>
    <ClInclude Include="Graphics\DrawGL.h">
      <Filter>Source Files\Graphics</Filter>
    </ClInclude>
    <ClInclude Include="Graphics\GraphicsManager.h">
      <Filter>Source Files\Graphics</Filter>
    </ClInclude>
    <ClInclude Include="Eventing\EventComponents.h">
      <Filter>Source Files\Eventing</Filter>
    </ClInclude>
    <ClInclude Include="Objects\ObjectManager.h">
      <Filter>Source Files\Objects</Filter>
    </ClInclude>
    <ClInclude Include="Objects\ObjModel.h">
      <Filter>Source Files\Objects</Filter>
    </ClInclude>
    <ClInclude Include="Objects\Object.h">
      <Filter>Source Files\Objects</Filter>
    </ClInclude>
    <ClInclude Include="Physics\Physics.h">
      <Filter>Source Files\Physics</Filter>
    </ClInclude>
    <ClInclude Include="Eventing\EventManagers.h">
      <Filter>Source Files\Eventing</Filter>
    </ClInclude>
    <ClInclude Include="Objects\Objects.h">
      <Filter>Source Files\Objects</Filter>
    </ClInclude>
    <ClInclude Include="Graphics\Graphics.h">
      <Filter>Source Files\Graphics</Filter>
    </ClInclude>
    <ClInclude Include="Eventing\Eventing.h">
      <Filter>Source Files\Eventing</Filter>
    </ClInclude>
    <ClInclude Include="AdvFeatures\Tests.h">
      <Filter>Source Files\AdvFeatures</Filter>
    </ClInclude>
    <ClInclude Include="Objects\Effects.h">
      <Filter>Source Files\Objects</Filter>
    </ClInclude>
    <ClInclude Include="Eventing\Input.h">
      <Filter>Source Files\Eventing</Filter>
    </ClInclude>
    <ClInclude Include="Objects\Interface.h">
      <Filter>Source Files\Objects</Filter>
    </ClInclude>
  </ItemGroup>
</Project>