
Microsoft Visual Studio Solution File, Format Version 12.00
# Visual Studio 2013
VisualStudioVersion = 12.0.21005.1
MinimumVisualStudioVersion = 10.0.40219.1
Project("{2150E333-8FDC-42A3-9474-1A3956D46DE8}") = "Solution Items", "Solution Items", "{16F6E57D-DC28-472F-BB1B-4BE7BD03CB3B}"
	ProjectSection(SolutionItems) = preProject
		Performance2.psess = Performance2.psess
	EndProjectSection
EndProject
Project("{8BC9CEB8-8B4A-11D0-8D11-00A0C91BC942}") = "RushEngine", "RushEngine.vcxproj", "{AD47C77F-FBE0-458C-BC07-96B08EDBE7CD}"
EndProject
Project("{8BC9CEB8-8B4A-11D0-8D11-00A0C91BC942}") = "Box2D", "..\Box2D\Box2D.vcxproj", "{B456B67F-A905-4CD0-97DC-EBB6639E26BB}"
EndProject
Project("{8BC9CEB8-8B4A-11D0-8D11-00A0C91BC942}") = "TestGame", "..\TestGame\TestGame.vcxproj", "{5A41F4F6-2535-49B7-B765-6AFAA3EF3F9C}"
	ProjectSection(ProjectDependencies) = postProject
		{B456B67F-A905-4CD0-97DC-EBB6639E26BB} = {B456B67F-A905-4CD0-97DC-EBB6639E26BB}
		{AD47C77F-FBE0-458C-BC07-96B08EDBE7CD} = {AD47C77F-FBE0-458C-BC07-96B08EDBE7CD}
	EndProjectSection
EndProject
Project("{8BC9CEB8-8B4A-11D0-8D11-00A0C91BC942}") = "SpaceRush", "..\SpaceRush\SpaceRush.vcxproj", "{29EE5F80-28D7-4767-9112-A06F4840CF3B}"
EndProject
Global
	GlobalSection(SolutionConfigurationPlatforms) = preSolution
		Debug|Any CPU = Debug|Any CPU
		Debug|Mixed Platforms = Debug|Mixed Platforms
		Debug|Win32 = Debug|Win32
		Release|Any CPU = Release|Any CPU
		Release|Mixed Platforms = Release|Mixed Platforms
		Release|Win32 = Release|Win32
	EndGlobalSection
	GlobalSection(ProjectConfigurationPlatforms) = postSolution
		{AD47C77F-FBE0-458C-BC07-96B08EDBE7CD}.Debug|Any CPU.ActiveCfg = Debug|Win32
		{AD47C77F-FBE0-458C-BC07-96B08EDBE7CD}.Debug|Mixed Platforms.ActiveCfg = Debug|Win32
		{AD47C77F-FBE0-458C-BC07-96B08EDBE7CD}.Debug|Mixed Platforms.Build.0 = Debug|Win32
		{AD47C77F-FBE0-458C-BC07-96B08EDBE7CD}.Debug|Win32.ActiveCfg = Debug|Win32
		{AD47C77F-FBE0-458C-BC07-96B08EDBE7CD}.Debug|Win32.Build.0 = Debug|Win32
		{AD47C77F-FBE0-458C-BC07-96B08EDBE7CD}.Release|Any CPU.ActiveCfg = Release|Win32
		{AD47C77F-FBE0-458C-BC07-96B08EDBE7CD}.Release|Mixed Platforms.ActiveCfg = Release|Win32
		{AD47C77F-FBE0-458C-BC07-96B08EDBE7CD}.Release|Mixed Platforms.Build.0 = Release|Win32
		{AD47C77F-FBE0-458C-BC07-96B08EDBE7CD}.Release|Win32.ActiveCfg = Release|Win32
		{AD47C77F-FBE0-458C-BC07-96B08EDBE7CD}.Release|Win32.Build.0 = Release|Win32
		{B456B67F-A905-4CD0-97DC-EBB6639E26BB}.Debug|Any CPU.ActiveCfg = Debug|Win32
		{B456B67F-A905-4CD0-97DC-EBB6639E26BB}.Debug|Mixed Platforms.ActiveCfg = Debug|Win32
		{B456B67F-A905-4CD0-97DC-EBB6639E26BB}.Debug|Mixed Platforms.Build.0 = Debug|Win32
		{B456B67F-A905-4CD0-97DC-EBB6639E26BB}.Debug|Win32.ActiveCfg = Debug|Win32
		{B456B67F-A905-4CD0-97DC-EBB6639E26BB}.Debug|Win32.Build.0 = Debug|Win32
		{B456B67F-A905-4CD0-97DC-EBB6639E26BB}.Release|Any CPU.ActiveCfg = Release|Win32
		{B456B67F-A905-4CD0-97DC-EBB6639E26BB}.Release|Mixed Platforms.ActiveCfg = Release|Win32
		{B456B67F-A905-4CD0-97DC-EBB6639E26BB}.Release|Mixed Platforms.Build.0 = Release|Win32
		{B456B67F-A905-4CD0-97DC-EBB6639E26BB}.Release|Win32.ActiveCfg = Release|Win32
		{B456B67F-A905-4CD0-97DC-EBB6639E26BB}.Release|Win32.Build.0 = Release|Win32
		{5A41F4F6-2535-49B7-B765-6AFAA3EF3F9C}.Debug|Any CPU.ActiveCfg = Debug|Win32
		{5A41F4F6-2535-49B7-B765-6AFAA3EF3F9C}.Debug|Mixed Platforms.ActiveCfg = Debug|Win32
		{5A41F4F6-2535-49B7-B765-6AFAA3EF3F9C}.Debug|Mixed Platforms.Build.0 = Debug|Win32
		{5A41F4F6-2535-49B7-B765-6AFAA3EF3F9C}.Debug|Win32.ActiveCfg = Debug|Win32
		{5A41F4F6-2535-49B7-B765-6AFAA3EF3F9C}.Debug|Win32.Build.0 = Debug|Win32
		{5A41F4F6-2535-49B7-B765-6AFAA3EF3F9C}.Release|Any CPU.ActiveCfg = Release|Win32
		{5A41F4F6-2535-49B7-B765-6AFAA3EF3F9C}.Release|Mixed Platforms.ActiveCfg = Release|Win32
		{5A41F4F6-2535-49B7-B765-6AFAA3EF3F9C}.Release|Mixed Platforms.Build.0 = Release|Win32
		{5A41F4F6-2535-49B7-B765-6AFAA3EF3F9C}.Release|Win32.ActiveCfg = Release|Win32
		{5A41F4F6-2535-49B7-B765-6AFAA3EF3F9C}.Release|Win32.Build.0 = Release|Win32
		{29EE5F80-28D7-4767-9112-A06F4840CF3B}.Debug|Any CPU.ActiveCfg = Debug|Win32
		{29EE5F80-28D7-4767-9112-A06F4840CF3B}.Debug|Mixed Platforms.ActiveCfg = Debug|Win32
		{29EE5F80-28D7-4767-9112-A06F4840CF3B}.Debug|Mixed Platforms.Build.0 = Debug|Win32
		{29EE5F80-28D7-4767-9112-A06F4840CF3B}.Debug|Win32.ActiveCfg = Debug|Win32
		{29EE5F80-28D7-4767-9112-A06F4840CF3B}.Debug|Win32.Build.0 = Debug|Win32
		{29EE5F80-28D7-4767-9112-A06F4840CF3B}.Release|Any CPU.ActiveCfg = Release|Win32
		{29EE5F80-28D7-4767-9112-A06F4840CF3B}.Release|Mixed Platforms.ActiveCfg = Release|Win32
		{29EE5F80-28D7-4767-9112-A06F4840CF3B}.Release|Mixed Platforms.Build.0 = Release|Win32
		{29EE5F80-28D7-4767-9112-A06F4840CF3B}.Release|Win32.ActiveCfg = Release|Win32
		{29EE5F80-28D7-4767-9112-A06F4840CF3B}.Release|Win32.Build.0 = Release|Win32
	EndGlobalSection
	GlobalSection(SolutionProperties) = preSolution
		HideSolutionNode = FALSE
	EndGlobalSection
EndGlobal
